
Microsoft Visual Studio Solution File, Format Version 12.00
# Visual Studio Version 17
VisualStudioVersion = 17.7.34024.191
MinimumVisualStudioVersion = 10.0.40219.1
Project("{8BC9CEB8-8B4A-11D0-8D11-00A0C91BC942}") = "TextEditor", "TextEditor\TextEditor.vcxproj", "{9C09C72E-06E8-41D8-916F-7A24806F14B0}"
EndProject
Project("{8BC9CEB8-8B4A-11D0-8D11-00A0C91BC942}") = "ZipManager", "ZipManager\ZipManager.vcxproj", "{A0860488-602D-493B-BCA2-F32DFF1913D2}"
EndProject
Project("{8BC9CEB8-8B4A-11D0-8D11-00A0C91BC942}") = "CarPark", "CarPark\CarPark.vcxproj", "{7EF07D0C-E663-47BC-B528-00AAF9C41038}"
EndProject
Project("{8BC9CEB8-8B4A-11D0-8D11-00A0C91BC942}") = "SystemMonitor", "SystemMonitor\SystemMonitor.vcxproj", "{0FDDBDF2-91A1-4344-9877-1C2A47166BE9}"
EndProject
Project("{8BC9CEB8-8B4A-11D0-8D11-00A0C91BC942}") = "DiningPhilosophers", "DiningPhilosophers\DiningPhilosophers.vcxproj", "{52851148-6468-4401-9773-587F4535B8D4}"
EndProject
Project("{8BC9CEB8-8B4A-11D0-8D11-00A0C91BC942}") = "MessageServer", "MessageServer\MessageServer.vcxproj", "{EFA044A6-8593-4E88-B743-BA760B5D32C9}"
EndProject
Project("{8BC9CEB8-8B4A-11D0-8D11-00A0C91BC942}") = "MessageClient", "MessageClient\MessageClient.vcxproj", "{4CEB3858-9407-4C37-8324-A924EFC2E6F5}"
EndProject
Global
	GlobalSection(SolutionConfigurationPlatforms) = preSolution
		Debug|x64 = Debug|x64
		Debug|x86 = Debug|x86
		Release|x64 = Release|x64
		Release|x86 = Release|x86
	EndGlobalSection
	GlobalSection(ProjectConfigurationPlatforms) = postSolution
		{9C09C72E-06E8-41D8-916F-7A24806F14B0}.Debug|x64.ActiveCfg = Debug|x64
		{9C09C72E-06E8-41D8-916F-7A24806F14B0}.Debug|x64.Build.0 = Debug|x64
		{9C09C72E-06E8-41D8-916F-7A24806F14B0}.Debug|x86.ActiveCfg = Debug|Win32
		{9C09C72E-06E8-41D8-916F-7A24806F14B0}.Debug|x86.Build.0 = Debug|Win32
		{9C09C72E-06E8-41D8-916F-7A24806F14B0}.Release|x64.ActiveCfg = Release|x64
		{9C09C72E-06E8-41D8-916F-7A24806F14B0}.Release|x64.Build.0 = Release|x64
		{9C09C72E-06E8-41D8-916F-7A24806F14B0}.Release|x86.ActiveCfg = Release|Win32
		{9C09C72E-06E8-41D8-916F-7A24806F14B0}.Release|x86.Build.0 = Release|Win32
		{A0860488-602D-493B-BCA2-F32DFF1913D2}.Debug|x64.ActiveCfg = Debug|x64
		{A0860488-602D-493B-BCA2-F32DFF1913D2}.Debug|x64.Build.0 = Debug|x64
		{A0860488-602D-493B-BCA2-F32DFF1913D2}.Debug|x86.ActiveCfg = Debug|Win32
		{A0860488-602D-493B-BCA2-F32DFF1913D2}.Debug|x86.Build.0 = Debug|Win32
		{A0860488-602D-493B-BCA2-F32DFF1913D2}.Release|x64.ActiveCfg = Release|x64
		{A0860488-602D-493B-BCA2-F32DFF1913D2}.Release|x64.Build.0 = Release|x64
		{A0860488-602D-493B-BCA2-F32DFF1913D2}.Release|x86.ActiveCfg = Release|Win32
		{A0860488-602D-493B-BCA2-F32DFF1913D2}.Release|x86.Build.0 = Release|Win32
		{7EF07D0C-E663-47BC-B528-00AAF9C41038}.Debug|x64.ActiveCfg = Debug|x64
		{7EF07D0C-E663-47BC-B528-00AAF9C41038}.Debug|x64.Build.0 = Debug|x64
		{7EF07D0C-E663-47BC-B528-00AAF9C41038}.Debug|x86.ActiveCfg = Debug|Win32
		{7EF07D0C-E663-47BC-B528-00AAF9C41038}.Debug|x86.Build.0 = Debug|Win32
		{7EF07D0C-E663-47BC-B528-00AAF9C41038}.Release|x64.ActiveCfg = Release|x64
		{7EF07D0C-E663-47BC-B528-00AAF9C41038}.Release|x64.Build.0 = Release|x64
		{7EF07D0C-E663-47BC-B528-00AAF9C41038}.Release|x86.ActiveCfg = Release|Win32
		{7EF07D0C-E663-47BC-B528-00AAF9C41038}.Release|x86.Build.0 = Release|Win32
		{0FDDBDF2-91A1-4344-9877-1C2A47166BE9}.Debug|x64.ActiveCfg = Debug|x64
		{0FDDBDF2-91A1-4344-9877-1C2A47166BE9}.Debug|x64.Build.0 = Debug|x64
		{0FDDBDF2-91A1-4344-9877-1C2A47166BE9}.Debug|x86.ActiveCfg = Debug|Win32
		{0FDDBDF2-91A1-4344-9877-1C2A47166BE9}.Debug|x86.Build.0 = Debug|Win32
		{0FDDBDF2-91A1-4344-9877-1C2A47166BE9}.Release|x64.ActiveCfg = Release|x64
		{0FDDBDF2-91A1-4344-9877-1C2A47166BE9}.Release|x64.Build.0 = Release|x64
		{0FDDBDF2-91A1-4344-9877-1C2A47166BE9}.Release|x86.ActiveCfg = Release|Win32
		{0FDDBDF2-91A1-4344-9877-1C2A47166BE9}.Release|x86.Build.0 = Release|Win32
		{52851148-6468-4401-9773-587F4535B8D4}.Debug|x64.ActiveCfg = Debug|x64
		{52851148-6468-4401-9773-587F4535B8D4}.Debug|x64.Build.0 = Debug|x64
		{52851148-6468-4401-9773-587F4535B8D4}.Debug|x86.ActiveCfg = Debug|Win32
		{52851148-6468-4401-9773-587F4535B8D4}.Debug|x86.Build.0 = Debug|Win32
		{52851148-6468-4401-9773-587F4535B8D4}.Release|x64.ActiveCfg = Release|x64
		{52851148-6468-4401-9773-587F4535B8D4}.Release|x64.Build.0 = Release|x64
		{52851148-6468-4401-9773-587F4535B8D4}.Release|x86.ActiveCfg = Release|Win32
		{52851148-6468-4401-9773-587F4535B8D4}.Release|x86.Build.0 = Release|Win32
		{EFA044A6-8593-4E88-B743-BA760B5D32C9}.Debug|x64.ActiveCfg = Debug|x64
		{EFA044A6-8593-4E88-B743-BA760B5D32C9}.Debug|x64.Build.0 = Debug|x64
		{EFA044A6-8593-4E88-B743-BA760B5D32C9}.Debug|x86.ActiveCfg = Debug|Win32
		{EFA044A6-8593-4E88-B743-BA760B5D32C9}.Debug|x86.Build.0 = Debug|Win32
		{EFA044A6-8593-4E88-B743-BA760B5D32C9}.Release|x64.ActiveCfg = Release|x64
		{EFA044A6-8593-4E88-B743-BA760B5D32C9}.Release|x64.Build.0 = Release|x64
		{EFA044A6-8593-4E88-B743-BA760B5D32C9}.Release|x86.ActiveCfg = Release|Win32
		{EFA044A6-8593-4E88-B743-BA760B5D32C9}.Release|x86.Build.0 = Release|Win32
		{4CEB3858-9407-4C37-8324-A924EFC2E6F5}.Debug|x64.ActiveCfg = Debug|x64
		{4CEB3858-9407-4C37-8324-A924EFC2E6F5}.Debug|x64.Build.0 = Debug|x64
		{4CEB3858-9407-4C37-8324-A924EFC2E6F5}.Debug|x86.ActiveCfg = Debug|Win32
		{4CEB3858-9407-4C37-8324-A924EFC2E6F5}.Debug|x86.Build.0 = Debug|Win32
		{4CEB3858-9407-4C37-8324-A924EFC2E6F5}.Release|x64.ActiveCfg = Release|x64
		{4CEB3858-9407-4C37-8324-A924EFC2E6F5}.Release|x64.Build.0 = Release|x64
		{4CEB3858-9407-4C37-8324-A924EFC2E6F5}.Release|x86.ActiveCfg = Release|Win32
		{4CEB3858-9407-4C37-8324-A924EFC2E6F5}.Release|x86.Build.0 = Release|Win32
	EndGlobalSection
	GlobalSection(SolutionProperties) = preSolution
		HideSolutionNode = FALSE
	EndGlobalSection
	GlobalSection(ExtensibilityGlobals) = postSolution
		SolutionGuid = {1AA23535-7350-404C-91DE-E0BDF796A46A}
	EndGlobalSection
EndGlobal
